
Microsoft Visual Studio Solution File, Format Version 12.00
# Visual Studio Version 16
VisualStudioVersion = 16.0.30611.23
MinimumVisualStudioVersion = 10.0.40219.1
Project("{FAE04EC0-301F-11D3-BF4B-00C04F79EFBC}") = "KabileApi", "KabileApi\KabileApi.csproj", "{EF0F1F8B-0B61-4D88-A324-617517E5C0BA}"
EndProject
Global
	GlobalSection(SolutionConfigurationPlatforms) = preSolution
		Debug|Any CPU = Debug|Any CPU
		Release|Any CPU = Release|Any CPU
	EndGlobalSection
	GlobalSection(ProjectConfigurationPlatforms) = postSolution
		{EF0F1F8B-0B61-4D88-A324-617517E5C0BA}.Debug|Any CPU.ActiveCfg = Debug|Any CPU
		{EF0F1F8B-0B61-4D88-A324-617517E5C0BA}.Debug|Any CPU.Build.0 = Debug|Any CPU
		{EF0F1F8B-0B61-4D88-A324-617517E5C0BA}.Release|Any CPU.ActiveCfg = Release|Any CPU
		{EF0F1F8B-0B61-4D88-A324-617517E5C0BA}.Release|Any CPU.Build.0 = Release|Any CPU
	EndGlobalSection
	GlobalSection(SolutionProperties) = preSolution
		HideSolutionNode = FALSE
	EndGlobalSection
	GlobalSection(ExtensibilityGlobals) = postSolution
		SolutionGuid = {FED29F81-F4A7-41E4-B91A-60CC881BF21C}
	EndGlobalSection
EndGlobal
